
Microsoft Visual Studio Solution File, Format Version 12.00
# Visual Studio 14
VisualStudioVersion = 14.0.24720.0
MinimumVisualStudioVersion = 10.0.40219.1
Project("{FAE04EC0-301F-11D3-BF4B-00C04F79EFBC}") = "RPGSite", "RPGSite\RPGSite.csproj", "{9F33589B-15A8-4DEA-B90A-FE6432DB7EAD}"
EndProject
Project("{FAE04EC0-301F-11D3-BF4B-00C04F79EFBC}") = "RPGSite.Tests", "RPGSite.Tests\RPGSite.Tests.csproj", "{98811D4E-5A70-4D39-9131-67D8B6E7E566}"
EndProject
Global
	GlobalSection(SolutionConfigurationPlatforms) = preSolution
		Debug|Any CPU = Debug|Any CPU
		Release|Any CPU = Release|Any CPU
	EndGlobalSection
	GlobalSection(ProjectConfigurationPlatforms) = postSolution
		{9F33589B-15A8-4DEA-B90A-FE6432DB7EAD}.Debug|Any CPU.ActiveCfg = Debug|Any CPU
		{9F33589B-15A8-4DEA-B90A-FE6432DB7EAD}.Debug|Any CPU.Build.0 = Debug|Any CPU
		{9F33589B-15A8-4DEA-B90A-FE6432DB7EAD}.Release|Any CPU.ActiveCfg = Release|Any CPU
		{9F33589B-15A8-4DEA-B90A-FE6432DB7EAD}.Release|Any CPU.Build.0 = Release|Any CPU
		{98811D4E-5A70-4D39-9131-67D8B6E7E566}.Debug|Any CPU.ActiveCfg = Debug|Any CPU
		{98811D4E-5A70-4D39-9131-67D8B6E7E566}.Debug|Any CPU.Build.0 = Debug|Any CPU
		{98811D4E-5A70-4D39-9131-67D8B6E7E566}.Release|Any CPU.ActiveCfg = Release|Any CPU
		{98811D4E-5A70-4D39-9131-67D8B6E7E566}.Release|Any CPU.Build.0 = Release|Any CPU
	EndGlobalSection
	GlobalSection(SolutionProperties) = preSolution
		HideSolutionNode = FALSE
	EndGlobalSection
EndGlobal
